
Microsoft Visual Studio Solution File, Format Version 12.00
# Visual Studio Version 16
VisualStudioVersion = 16.0.31005.135
MinimumVisualStudioVersion = 10.0.40219.1
Project("{FAE04EC0-301F-11D3-BF4B-00C04F79EFBC}") = "NestedViews2021.Android", "NestedViews2021.Android\NestedViews2021.Android.csproj", "{126D07FD-E5ED-4B99-8421-B64A1F3259A4}"
EndProject
Project("{FAE04EC0-301F-11D3-BF4B-00C04F79EFBC}") = "NestedViews2021.iOS", "NestedViews2021.iOS\NestedViews2021.iOS.csproj", "{AF7BEA40-27F4-4C43-AABD-16A2189C133E}"
EndProject
Project("{FAE04EC0-301F-11D3-BF4B-00C04F79EFBC}") = "NestedViews2021", "NestedViews2021\NestedViews2021.csproj", "{6C0B879D-4B18-40EB-8E6E-D0FA892FF59A}"
EndProject
Global
	GlobalSection(SolutionConfigurationPlatforms) = preSolution
		Debug|Any CPU = Debug|Any CPU
		Debug|iPhone = Debug|iPhone
		Debug|iPhoneSimulator = Debug|iPhoneSimulator
		Release|Any CPU = Release|Any CPU
		Release|iPhone = Release|iPhone
		Release|iPhoneSimulator = Release|iPhoneSimulator
	EndGlobalSection
	GlobalSection(ProjectConfigurationPlatforms) = postSolution
		{126D07FD-E5ED-4B99-8421-B64A1F3259A4}.Debug|Any CPU.ActiveCfg = Debug|Any CPU
		{126D07FD-E5ED-4B99-8421-B64A1F3259A4}.Debug|Any CPU.Build.0 = Debug|Any CPU
		{126D07FD-E5ED-4B99-8421-B64A1F3259A4}.Debug|Any CPU.Deploy.0 = Debug|Any CPU
		{126D07FD-E5ED-4B99-8421-B64A1F3259A4}.Debug|iPhone.ActiveCfg = Debug|Any CPU
		{126D07FD-E5ED-4B99-8421-B64A1F3259A4}.Debug|iPhone.Build.0 = Debug|Any CPU
		{126D07FD-E5ED-4B99-8421-B64A1F3259A4}.Debug|iPhone.Deploy.0 = Debug|Any CPU
		{126D07FD-E5ED-4B99-8421-B64A1F3259A4}.Debug|iPhoneSimulator.ActiveCfg = Debug|Any CPU
		{126D07FD-E5ED-4B99-8421-B64A1F3259A4}.Debug|iPhoneSimulator.Build.0 = Debug|Any CPU
		{126D07FD-E5ED-4B99-8421-B64A1F3259A4}.Debug|iPhoneSimulator.Deploy.0 = Debug|Any CPU
		{126D07FD-E5ED-4B99-8421-B64A1F3259A4}.Release|Any CPU.ActiveCfg = Release|Any CPU
		{126D07FD-E5ED-4B99-8421-B64A1F3259A4}.Release|Any CPU.Build.0 = Release|Any CPU
		{126D07FD-E5ED-4B99-8421-B64A1F3259A4}.Release|Any CPU.Deploy.0 = Release|Any CPU
		{126D07FD-E5ED-4B99-8421-B64A1F3259A4}.Release|iPhone.ActiveCfg = Release|Any CPU
		{126D07FD-E5ED-4B99-8421-B64A1F3259A4}.Release|iPhone.Build.0 = Release|Any CPU
		{126D07FD-E5ED-4B99-8421-B64A1F3259A4}.Release|iPhone.Deploy.0 = Release|Any CPU
		{126D07FD-E5ED-4B99-8421-B64A1F3259A4}.Release|iPhoneSimulator.ActiveCfg = Release|Any CPU
		{126D07FD-E5ED-4B99-8421-B64A1F3259A4}.Release|iPhoneSimulator.Build.0 = Release|Any CPU
		{126D07FD-E5ED-4B99-8421-B64A1F3259A4}.Release|iPhoneSimulator.Deploy.0 = Release|Any CPU
		{AF7BEA40-27F4-4C43-AABD-16A2189C133E}.Debug|Any CPU.ActiveCfg = Debug|iPhone
		{AF7BEA40-27F4-4C43-AABD-16A2189C133E}.Debug|Any CPU.Build.0 = Debug|iPhone
		{AF7BEA40-27F4-4C43-AABD-16A2189C133E}.Debug|Any CPU.Deploy.0 = Debug|iPhone
		{AF7BEA40-27F4-4C43-AABD-16A2189C133E}.Debug|iPhone.ActiveCfg = Debug|iPhone
		{AF7BEA40-27F4-4C43-AABD-16A2189C133E}.Debug|iPhone.Build.0 = Debug|iPhone
		{AF7BEA40-27F4-4C43-AABD-16A2189C133E}.Debug|iPhone.Deploy.0 = Debug|iPhone
		{AF7BEA40-27F4-4C43-AABD-16A2189C133E}.Debug|iPhoneSimulator.ActiveCfg = Debug|iPhoneSimulator
		{AF7BEA40-27F4-4C43-AABD-16A2189C133E}.Debug|iPhoneSimulator.Build.0 = Debug|iPhoneSimulator
		{AF7BEA40-27F4-4C43-AABD-16A2189C133E}.Debug|iPhoneSimulator.Deploy.0 = Debug|iPhoneSimulator
		{AF7BEA40-27F4-4C43-AABD-16A2189C133E}.Release|Any CPU.ActiveCfg = Release|iPhoneSimulator
		{AF7BEA40-27F4-4C43-AABD-16A2189C133E}.Release|Any CPU.Build.0 = Release|iPhoneSimulator
		{AF7BEA40-27F4-4C43-AABD-16A2189C133E}.Release|Any CPU.Deploy.0 = Release|iPhoneSimulator
		{AF7BEA40-27F4-4C43-AABD-16A2189C133E}.Release|iPhone.ActiveCfg = Release|iPhone
		{AF7BEA40-27F4-4C43-AABD-16A2189C133E}.Release|iPhone.Build.0 = Release|iPhone
		{AF7BEA40-27F4-4C43-AABD-16A2189C133E}.Release|iPhone.Deploy.0 = Release|iPhone
		{AF7BEA40-27F4-4C43-AABD-16A2189C133E}.Release|iPhoneSimulator.ActiveCfg = Release|iPhoneSimulator
		{AF7BEA40-27F4-4C43-AABD-16A2189C133E}.Release|iPhoneSimulator.Build.0 = Release|iPhoneSimulator
		{AF7BEA40-27F4-4C43-AABD-16A2189C133E}.Release|iPhoneSimulator.Deploy.0 = Release|iPhoneSimulator
		{6C0B879D-4B18-40EB-8E6E-D0FA892FF59A}.Debug|Any CPU.ActiveCfg = Debug|Any CPU
		{6C0B879D-4B18-40EB-8E6E-D0FA892FF59A}.Debug|Any CPU.Build.0 = Debug|Any CPU
		{6C0B879D-4B18-40EB-8E6E-D0FA892FF59A}.Debug|Any CPU.Deploy.0 = Debug|Any CPU
		{6C0B879D-4B18-40EB-8E6E-D0FA892FF59A}.Debug|iPhone.ActiveCfg = Debug|Any CPU
		{6C0B879D-4B18-40EB-8E6E-D0FA892FF59A}.Debug|iPhone.Build.0 = Debug|Any CPU
		{6C0B879D-4B18-40EB-8E6E-D0FA892FF59A}.Debug|iPhone.Deploy.0 = Debug|Any CPU
		{6C0B879D-4B18-40EB-8E6E-D0FA892FF59A}.Debug|iPhoneSimulator.ActiveCfg = Debug|Any CPU
		{6C0B879D-4B18-40EB-8E6E-D0FA892FF59A}.Debug|iPhoneSimulator.Build.0 = Debug|Any CPU
		{6C0B879D-4B18-40EB-8E6E-D0FA892FF59A}.Debug|iPhoneSimulator.Deploy.0 = Debug|Any CPU
		{6C0B879D-4B18-40EB-8E6E-D0FA892FF59A}.Release|Any CPU.ActiveCfg = Release|Any CPU
		{6C0B879D-4B18-40EB-8E6E-D0FA892FF59A}.Release|Any CPU.Build.0 = Release|Any CPU
		{6C0B879D-4B18-40EB-8E6E-D0FA892FF59A}.Release|Any CPU.Deploy.0 = Release|Any CPU
		{6C0B879D-4B18-40EB-8E6E-D0FA892FF59A}.Release|iPhone.ActiveCfg = Release|Any CPU
		{6C0B879D-4B18-40EB-8E6E-D0FA892FF59A}.Release|iPhone.Build.0 = Release|Any CPU
		{6C0B879D-4B18-40EB-8E6E-D0FA892FF59A}.Release|iPhone.Deploy.0 = Release|Any CPU
		{6C0B879D-4B18-40EB-8E6E-D0FA892FF59A}.Release|iPhoneSimulator.ActiveCfg = Release|Any CPU
		{6C0B879D-4B18-40EB-8E6E-D0FA892FF59A}.Release|iPhoneSimulator.Build.0 = Release|Any CPU
		{6C0B879D-4B18-40EB-8E6E-D0FA892FF59A}.Release|iPhoneSimulator.Deploy.0 = Release|Any CPU
	EndGlobalSection
	GlobalSection(SolutionProperties) = preSolution
		HideSolutionNode = FALSE
	EndGlobalSection
	GlobalSection(ExtensibilityGlobals) = postSolution
		SolutionGuid = {123DF061-CC92-461C-8343-B879948529CC}
	EndGlobalSection
EndGlobal
